// !$*UTF8*$!
{
	archiveVersion = 1;
	classes = {
	};
	objectVersion = 55;
	objects = {

/* Begin PBXBuildFile section */
		07C2696E2BD99C9D001C468B /* DataManager.swift in Sources */ = {isa = PBXBuildFile; fileRef = 07C269282BD99C9D001C468B /* DataManager.swift */; };
		07C2696F2BD99C9D001C468B /* DittoService.swift in Sources */ = {isa = PBXBuildFile; fileRef = 07C269292BD99C9D001C468B /* DittoService.swift */; };
		07C269702BD99C9D001C468B /* LocalStoreService.swift in Sources */ = {isa = PBXBuildFile; fileRef = 07C2692A2BD99C9D001C468B /* LocalStoreService.swift */; };
		07C269712BD99C9D001C468B /* CustomErrors.swift in Sources */ = {isa = PBXBuildFile; fileRef = 07C2692C2BD99C9D001C468B /* CustomErrors.swift */; };
		07C269722BD99C9D001C468B /* ErrorHandler.swift in Sources */ = {isa = PBXBuildFile; fileRef = 07C2692D2BD99C9D001C468B /* ErrorHandler.swift */; };
		07C269732BD99C9D001C468B /* GeneralErrorView.swift in Sources */ = {isa = PBXBuildFile; fileRef = 07C2692E2BD99C9D001C468B /* GeneralErrorView.swift */; };
		07C269742BD99C9D001C468B /* ChatUser.swift in Sources */ = {isa = PBXBuildFile; fileRef = 07C269302BD99C9D001C468B /* ChatUser.swift */; };
		07C269752BD99C9D001C468B /* Message.swift in Sources */ = {isa = PBXBuildFile; fileRef = 07C269312BD99C9D001C468B /* Message.swift */; };
		07C269762BD99C9D001C468B /* MessageWithUser.swift in Sources */ = {isa = PBXBuildFile; fileRef = 07C269322BD99C9D001C468B /* MessageWithUser.swift */; };
		07C269772BD99C9D001C468B /* Room.swift in Sources */ = {isa = PBXBuildFile; fileRef = 07C269332BD99C9D001C468B /* Room.swift */; };
		07C269782BD99C9D001C468B /* User.swift in Sources */ = {isa = PBXBuildFile; fileRef = 07C269342BD99C9D001C468B /* User.swift */; };
		07C269792BD99C9D001C468B /* Preview Assets.xcassets in Resources */ = {isa = PBXBuildFile; fileRef = 07C269362BD99C9D001C468B /* Preview Assets.xcassets */; };
		07C2697A2BD99C9D001C468B /* AttachmentPreview.swift in Sources */ = {isa = PBXBuildFile; fileRef = 07C269382BD99C9D001C468B /* AttachmentPreview.swift */; };
		07C2697B2BD99C9D001C468B /* ChatScreen.swift in Sources */ = {isa = PBXBuildFile; fileRef = 07C269392BD99C9D001C468B /* ChatScreen.swift */; };
		07C2697C2BD99C9D001C468B /* ChatScreenVM.swift in Sources */ = {isa = PBXBuildFile; fileRef = 07C2693A2BD99C9D001C468B /* ChatScreenVM.swift */; };
		07C2697D2BD99C9D001C468B /* DocumentPickerView.swift in Sources */ = {isa = PBXBuildFile; fileRef = 07C2693B2BD99C9D001C468B /* DocumentPickerView.swift */; };
		07C2697E2BD99C9D001C468B /* MessageBubbleView.swift in Sources */ = {isa = PBXBuildFile; fileRef = 07C2693C2BD99C9D001C468B /* MessageBubbleView.swift */; };
		07C2697F2BD99C9D001C468B /* MessageBubbleVM.swift in Sources */ = {isa = PBXBuildFile; fileRef = 07C2693D2BD99C9D001C468B /* MessageBubbleVM.swift */; };
		07C269802BD99C9D001C468B /* PreviewView.swift in Sources */ = {isa = PBXBuildFile; fileRef = 07C2693E2BD99C9D001C468B /* PreviewView.swift */; };
		07C269812BD99C9D001C468B /* QRCodeView.swift in Sources */ = {isa = PBXBuildFile; fileRef = 07C269402BD99C9D001C468B /* QRCodeView.swift */; };
		07C269822BD99C9D001C468B /* ScannerView.swift in Sources */ = {isa = PBXBuildFile; fileRef = 07C269412BD99C9D001C468B /* ScannerView.swift */; };
		07C269832BD99C9D001C468B /* EditMessageBubbleView.swift in Sources */ = {isa = PBXBuildFile; fileRef = 07C269432BD99C9D001C468B /* EditMessageBubbleView.swift */; };
		07C269842BD99C9D001C468B /* MessageEditView.swift in Sources */ = {isa = PBXBuildFile; fileRef = 07C269442BD99C9D001C468B /* MessageEditView.swift */; };
		07C269852BD99C9D001C468B /* ProfileScreen.swift in Sources */ = {isa = PBXBuildFile; fileRef = 07C269462BD99C9D001C468B /* ProfileScreen.swift */; };
		07C269862BD99C9D001C468B /* ProfileScreenViewModel.swift in Sources */ = {isa = PBXBuildFile; fileRef = 07C269472BD99C9D001C468B /* ProfileScreenViewModel.swift */; };
		07C269872BD99C9D001C468B /* RoomEditScreen.swift in Sources */ = {isa = PBXBuildFile; fileRef = 07C269492BD99C9D001C468B /* RoomEditScreen.swift */; };
		07C269882BD99C9D001C468B /* RoomEditScreenViewModel.swift in Sources */ = {isa = PBXBuildFile; fileRef = 07C2694A2BD99C9D001C468B /* RoomEditScreenViewModel.swift */; };
		07C269892BD99C9D001C468B /* RoomsListRowItem.swift in Sources */ = {isa = PBXBuildFile; fileRef = 07C2694C2BD99C9D001C468B /* RoomsListRowItem.swift */; };
		07C2698A2BD99C9D001C468B /* RoomsListScreen.swift in Sources */ = {isa = PBXBuildFile; fileRef = 07C2694D2BD99C9D001C468B /* RoomsListScreen.swift */; };
		07C2698B2BD99C9D001C468B /* RoomsListScreenVM.swift in Sources */ = {isa = PBXBuildFile; fileRef = 07C2694E2BD99C9D001C468B /* RoomsListScreenVM.swift */; };
		07C2698C2BD99C9D001C468B /* DittoToolsListItem.swift in Sources */ = {isa = PBXBuildFile; fileRef = 07C269502BD99C9D001C468B /* DittoToolsListItem.swift */; };
		07C2698D2BD99C9D001C468B /* DittoToolsListView.swift in Sources */ = {isa = PBXBuildFile; fileRef = 07C269512BD99C9D001C468B /* DittoToolsListView.swift */; };
		07C2698E2BD99C9D001C468B /* SettingsScreen.swift in Sources */ = {isa = PBXBuildFile; fileRef = 07C269522BD99C9D001C468B /* SettingsScreen.swift */; };
		07C2698F2BD99C9D001C468B /* SettingsScreenVM.swift in Sources */ = {isa = PBXBuildFile; fileRef = 07C269532BD99C9D001C468B /* SettingsScreenVM.swift */; };
		07C269902BD99C9D001C468B /* DittoToolsUtilities.swift in Sources */ = {isa = PBXBuildFile; fileRef = 07C269562BD99C9D001C468B /* DittoToolsUtilities.swift */; };
		07C269912BD99C9D001C468B /* LogManager.swift in Sources */ = {isa = PBXBuildFile; fileRef = 07C269572BD99C9D001C468B /* LogManager.swift */; };
		07C269922BD99C9D001C468B /* StringKeys.swift in Sources */ = {isa = PBXBuildFile; fileRef = 07C269582BD99C9D001C468B /* StringKeys.swift */; };
		07C269932BD99C9D001C468B /* TemporaryFile.swift in Sources */ = {isa = PBXBuildFile; fileRef = 07C269592BD99C9D001C468B /* TemporaryFile.swift */; };
		07C269942BD99C9D001C468B /* UIImage+Rotation.swift in Sources */ = {isa = PBXBuildFile; fileRef = 07C2695A2BD99C9D001C468B /* UIImage+Rotation.swift */; };
		07C269952BD99C9D001C468B /* Utils.swift in Sources */ = {isa = PBXBuildFile; fileRef = 07C2695B2BD99C9D001C468B /* Utils.swift */; };
		07C269962BD99C9D001C468B /* AvatarView.swift in Sources */ = {isa = PBXBuildFile; fileRef = 07C2695D2BD99C9D001C468B /* AvatarView.swift */; };
		07C269972BD99C9D001C468B /* ChatInputView.swift in Sources */ = {isa = PBXBuildFile; fileRef = 07C2695F2BD99C9D001C468B /* ChatInputView.swift */; };
		07C269982BD99C9D001C468B /* ExpandingTextView.swift in Sources */ = {isa = PBXBuildFile; fileRef = 07C269602BD99C9D001C468B /* ExpandingTextView.swift */; };
		07C269992BD99C9D001C468B /* CheckboxButton.swift in Sources */ = {isa = PBXBuildFile; fileRef = 07C269622BD99C9D001C468B /* CheckboxButton.swift */; };
		07C2699A2BD99C9D001C468B /* DittoProgressView.swift in Sources */ = {isa = PBXBuildFile; fileRef = 07C269632BD99C9D001C468B /* DittoProgressView.swift */; };
		07C2699B2BD99C9D001C468B /* RoomDetailsView.swift in Sources */ = {isa = PBXBuildFile; fileRef = 07C269642BD99C9D001C468B /* RoomDetailsView.swift */; };
		07C2699C2BD99C9D001C468B /* RoomView.swift in Sources */ = {isa = PBXBuildFile; fileRef = 07C269652BD99C9D001C468B /* RoomView.swift */; };
		07C2699D2BD99C9D001C468B /* SpinnerView.swift in Sources */ = {isa = PBXBuildFile; fileRef = 07C269662BD99C9D001C468B /* SpinnerView.swift */; };
		07C2699E2BD99C9D001C468B /* Assets.xcassets in Resources */ = {isa = PBXBuildFile; fileRef = 07C269682BD99C9D001C468B /* Assets.xcassets */; };
		07C2699F2BD99C9D001C468B /* DittoChatApp.swift in Sources */ = {isa = PBXBuildFile; fileRef = 07C269692BD99C9D001C468B /* DittoChatApp.swift */; };
		07C269A02BD99C9D001C468B /* DittoManager.swift in Sources */ = {isa = PBXBuildFile; fileRef = 07C2696A2BD99C9D001C468B /* DittoManager.swift */; };
		07C269A12BD99C9D001C468B /* Env.swift in Sources */ = {isa = PBXBuildFile; fileRef = 07C2696B2BD99C9D001C468B /* Env.swift */; };
		143FFCC42B20F4840085A2EF /* DittoExportData in Frameworks */ = {isa = PBXBuildFile; productRef = 143FFCC32B20F4840085A2EF /* DittoExportData */; };
		143FFCC62B20F4840085A2EF /* DittoPeersList in Frameworks */ = {isa = PBXBuildFile; productRef = 143FFCC52B20F4840085A2EF /* DittoPeersList */; };
		14A2B744298987D300E0FF86 /* DittoDataBrowser in Frameworks */ = {isa = PBXBuildFile; productRef = 14A2B743298987D300E0FF86 /* DittoDataBrowser */; };
		14A2B746298987D300E0FF86 /* DittoDiskUsage in Frameworks */ = {isa = PBXBuildFile; productRef = 14A2B745298987D300E0FF86 /* DittoDiskUsage */; };
		14A2B748298987D300E0FF86 /* DittoExportLogs in Frameworks */ = {isa = PBXBuildFile; productRef = 14A2B747298987D300E0FF86 /* DittoExportLogs */; };
		14A2B74A298987D400E0FF86 /* DittoPresenceViewer in Frameworks */ = {isa = PBXBuildFile; productRef = 14A2B749298987D400E0FF86 /* DittoPresenceViewer */; };
		14BF945D29786731001F672D /* CodeScanner in Frameworks */ = {isa = PBXBuildFile; productRef = 14BF945C29786731001F672D /* CodeScanner */; };
		14CADB3F293FEBD600BED068 /* DittoChatTests.swift in Sources */ = {isa = PBXBuildFile; fileRef = 14CADB3E293FEBD600BED068 /* DittoChatTests.swift */; };
		14CADB49293FEBD600BED068 /* DittoChatUITests.swift in Sources */ = {isa = PBXBuildFile; fileRef = 14CADB48293FEBD600BED068 /* DittoChatUITests.swift */; };
		14CADB4B293FEBD600BED068 /* DittoChatUITestsLaunchTests.swift in Sources */ = {isa = PBXBuildFile; fileRef = 14CADB4A293FEBD600BED068 /* DittoChatUITestsLaunchTests.swift */; };
		14CADB5B293FEFD700BED068 /* DittoObjC in Frameworks */ = {isa = PBXBuildFile; productRef = 14CADB5A293FEFD700BED068 /* DittoObjC */; };
		14CADB5D293FEFD700BED068 /* DittoSwift in Frameworks */ = {isa = PBXBuildFile; productRef = 14CADB5C293FEFD700BED068 /* DittoSwift */; };
		14CADB60293FF00700BED068 /* Fakery in Frameworks */ = {isa = PBXBuildFile; productRef = 14CADB5F293FF00700BED068 /* Fakery */; };
/* End PBXBuildFile section */

/* Begin PBXContainerItemProxy section */
		14CADB3B293FEBD600BED068 /* PBXContainerItemProxy */ = {
			isa = PBXContainerItemProxy;
			containerPortal = 14CADB22293FEBD500BED068 /* Project object */;
			proxyType = 1;
			remoteGlobalIDString = 14CADB29293FEBD500BED068;
			remoteInfo = DittoChat;
		};
		14CADB45293FEBD600BED068 /* PBXContainerItemProxy */ = {
			isa = PBXContainerItemProxy;
			containerPortal = 14CADB22293FEBD500BED068 /* Project object */;
			proxyType = 1;
			remoteGlobalIDString = 14CADB29293FEBD500BED068;
			remoteInfo = DittoChat;
		};
/* End PBXContainerItemProxy section */

/* Begin PBXFileReference section */
		07C269282BD99C9D001C468B /* DataManager.swift */ = {isa = PBXFileReference; fileEncoding = 4; lastKnownFileType = sourcecode.swift; path = DataManager.swift; sourceTree = "<group>"; };
		07C269292BD99C9D001C468B /* DittoService.swift */ = {isa = PBXFileReference; fileEncoding = 4; lastKnownFileType = sourcecode.swift; path = DittoService.swift; sourceTree = "<group>"; };
		07C2692A2BD99C9D001C468B /* LocalStoreService.swift */ = {isa = PBXFileReference; fileEncoding = 4; lastKnownFileType = sourcecode.swift; path = LocalStoreService.swift; sourceTree = "<group>"; };
		07C2692C2BD99C9D001C468B /* CustomErrors.swift */ = {isa = PBXFileReference; fileEncoding = 4; lastKnownFileType = sourcecode.swift; path = CustomErrors.swift; sourceTree = "<group>"; };
		07C2692D2BD99C9D001C468B /* ErrorHandler.swift */ = {isa = PBXFileReference; fileEncoding = 4; lastKnownFileType = sourcecode.swift; path = ErrorHandler.swift; sourceTree = "<group>"; };
		07C2692E2BD99C9D001C468B /* GeneralErrorView.swift */ = {isa = PBXFileReference; fileEncoding = 4; lastKnownFileType = sourcecode.swift; path = GeneralErrorView.swift; sourceTree = "<group>"; };
		07C269302BD99C9D001C468B /* ChatUser.swift */ = {isa = PBXFileReference; fileEncoding = 4; lastKnownFileType = sourcecode.swift; path = ChatUser.swift; sourceTree = "<group>"; };
		07C269312BD99C9D001C468B /* Message.swift */ = {isa = PBXFileReference; fileEncoding = 4; lastKnownFileType = sourcecode.swift; path = Message.swift; sourceTree = "<group>"; };
		07C269322BD99C9D001C468B /* MessageWithUser.swift */ = {isa = PBXFileReference; fileEncoding = 4; lastKnownFileType = sourcecode.swift; path = MessageWithUser.swift; sourceTree = "<group>"; };
		07C269332BD99C9D001C468B /* Room.swift */ = {isa = PBXFileReference; fileEncoding = 4; lastKnownFileType = sourcecode.swift; path = Room.swift; sourceTree = "<group>"; };
		07C269342BD99C9D001C468B /* User.swift */ = {isa = PBXFileReference; fileEncoding = 4; lastKnownFileType = sourcecode.swift; path = User.swift; sourceTree = "<group>"; };
		07C269362BD99C9D001C468B /* Preview Assets.xcassets */ = {isa = PBXFileReference; lastKnownFileType = folder.assetcatalog; path = "Preview Assets.xcassets"; sourceTree = "<group>"; };
		07C269382BD99C9D001C468B /* AttachmentPreview.swift */ = {isa = PBXFileReference; fileEncoding = 4; lastKnownFileType = sourcecode.swift; path = AttachmentPreview.swift; sourceTree = "<group>"; };
		07C269392BD99C9D001C468B /* ChatScreen.swift */ = {isa = PBXFileReference; fileEncoding = 4; lastKnownFileType = sourcecode.swift; path = ChatScreen.swift; sourceTree = "<group>"; };
		07C2693A2BD99C9D001C468B /* ChatScreenVM.swift */ = {isa = PBXFileReference; fileEncoding = 4; lastKnownFileType = sourcecode.swift; path = ChatScreenVM.swift; sourceTree = "<group>"; };
		07C2693B2BD99C9D001C468B /* DocumentPickerView.swift */ = {isa = PBXFileReference; fileEncoding = 4; lastKnownFileType = sourcecode.swift; path = DocumentPickerView.swift; sourceTree = "<group>"; };
		07C2693C2BD99C9D001C468B /* MessageBubbleView.swift */ = {isa = PBXFileReference; fileEncoding = 4; lastKnownFileType = sourcecode.swift; path = MessageBubbleView.swift; sourceTree = "<group>"; };
		07C2693D2BD99C9D001C468B /* MessageBubbleVM.swift */ = {isa = PBXFileReference; fileEncoding = 4; lastKnownFileType = sourcecode.swift; path = MessageBubbleVM.swift; sourceTree = "<group>"; };
		07C2693E2BD99C9D001C468B /* PreviewView.swift */ = {isa = PBXFileReference; fileEncoding = 4; lastKnownFileType = sourcecode.swift; path = PreviewView.swift; sourceTree = "<group>"; };
		07C269402BD99C9D001C468B /* QRCodeView.swift */ = {isa = PBXFileReference; fileEncoding = 4; lastKnownFileType = sourcecode.swift; path = QRCodeView.swift; sourceTree = "<group>"; };
		07C269412BD99C9D001C468B /* ScannerView.swift */ = {isa = PBXFileReference; fileEncoding = 4; lastKnownFileType = sourcecode.swift; path = ScannerView.swift; sourceTree = "<group>"; };
		07C269432BD99C9D001C468B /* EditMessageBubbleView.swift */ = {isa = PBXFileReference; fileEncoding = 4; lastKnownFileType = sourcecode.swift; path = EditMessageBubbleView.swift; sourceTree = "<group>"; };
		07C269442BD99C9D001C468B /* MessageEditView.swift */ = {isa = PBXFileReference; fileEncoding = 4; lastKnownFileType = sourcecode.swift; path = MessageEditView.swift; sourceTree = "<group>"; };
		07C269462BD99C9D001C468B /* ProfileScreen.swift */ = {isa = PBXFileReference; fileEncoding = 4; lastKnownFileType = sourcecode.swift; path = ProfileScreen.swift; sourceTree = "<group>"; };
		07C269472BD99C9D001C468B /* ProfileScreenViewModel.swift */ = {isa = PBXFileReference; fileEncoding = 4; lastKnownFileType = sourcecode.swift; path = ProfileScreenViewModel.swift; sourceTree = "<group>"; };
		07C269492BD99C9D001C468B /* RoomEditScreen.swift */ = {isa = PBXFileReference; fileEncoding = 4; lastKnownFileType = sourcecode.swift; path = RoomEditScreen.swift; sourceTree = "<group>"; };
		07C2694A2BD99C9D001C468B /* RoomEditScreenViewModel.swift */ = {isa = PBXFileReference; fileEncoding = 4; lastKnownFileType = sourcecode.swift; path = RoomEditScreenViewModel.swift; sourceTree = "<group>"; };
		07C2694C2BD99C9D001C468B /* RoomsListRowItem.swift */ = {isa = PBXFileReference; fileEncoding = 4; lastKnownFileType = sourcecode.swift; path = RoomsListRowItem.swift; sourceTree = "<group>"; };
		07C2694D2BD99C9D001C468B /* RoomsListScreen.swift */ = {isa = PBXFileReference; fileEncoding = 4; lastKnownFileType = sourcecode.swift; path = RoomsListScreen.swift; sourceTree = "<group>"; };
		07C2694E2BD99C9D001C468B /* RoomsListScreenVM.swift */ = {isa = PBXFileReference; fileEncoding = 4; lastKnownFileType = sourcecode.swift; path = RoomsListScreenVM.swift; sourceTree = "<group>"; };
		07C269502BD99C9D001C468B /* DittoToolsListItem.swift */ = {isa = PBXFileReference; fileEncoding = 4; lastKnownFileType = sourcecode.swift; path = DittoToolsListItem.swift; sourceTree = "<group>"; };
		07C269512BD99C9D001C468B /* DittoToolsListView.swift */ = {isa = PBXFileReference; fileEncoding = 4; lastKnownFileType = sourcecode.swift; path = DittoToolsListView.swift; sourceTree = "<group>"; };
		07C269522BD99C9D001C468B /* SettingsScreen.swift */ = {isa = PBXFileReference; fileEncoding = 4; lastKnownFileType = sourcecode.swift; path = SettingsScreen.swift; sourceTree = "<group>"; };
		07C269532BD99C9D001C468B /* SettingsScreenVM.swift */ = {isa = PBXFileReference; fileEncoding = 4; lastKnownFileType = sourcecode.swift; path = SettingsScreenVM.swift; sourceTree = "<group>"; };
		07C269562BD99C9D001C468B /* DittoToolsUtilities.swift */ = {isa = PBXFileReference; fileEncoding = 4; lastKnownFileType = sourcecode.swift; path = DittoToolsUtilities.swift; sourceTree = "<group>"; };
		07C269572BD99C9D001C468B /* LogManager.swift */ = {isa = PBXFileReference; fileEncoding = 4; lastKnownFileType = sourcecode.swift; path = LogManager.swift; sourceTree = "<group>"; };
		07C269582BD99C9D001C468B /* StringKeys.swift */ = {isa = PBXFileReference; fileEncoding = 4; lastKnownFileType = sourcecode.swift; path = StringKeys.swift; sourceTree = "<group>"; };
		07C269592BD99C9D001C468B /* TemporaryFile.swift */ = {isa = PBXFileReference; fileEncoding = 4; lastKnownFileType = sourcecode.swift; path = TemporaryFile.swift; sourceTree = "<group>"; };
		07C2695A2BD99C9D001C468B /* UIImage+Rotation.swift */ = {isa = PBXFileReference; fileEncoding = 4; lastKnownFileType = sourcecode.swift; path = "UIImage+Rotation.swift"; sourceTree = "<group>"; };
		07C2695B2BD99C9D001C468B /* Utils.swift */ = {isa = PBXFileReference; fileEncoding = 4; lastKnownFileType = sourcecode.swift; path = Utils.swift; sourceTree = "<group>"; };
		07C2695D2BD99C9D001C468B /* AvatarView.swift */ = {isa = PBXFileReference; fileEncoding = 4; lastKnownFileType = sourcecode.swift; path = AvatarView.swift; sourceTree = "<group>"; };
		07C2695F2BD99C9D001C468B /* ChatInputView.swift */ = {isa = PBXFileReference; fileEncoding = 4; lastKnownFileType = sourcecode.swift; path = ChatInputView.swift; sourceTree = "<group>"; };
		07C269602BD99C9D001C468B /* ExpandingTextView.swift */ = {isa = PBXFileReference; fileEncoding = 4; lastKnownFileType = sourcecode.swift; path = ExpandingTextView.swift; sourceTree = "<group>"; };
		07C269622BD99C9D001C468B /* CheckboxButton.swift */ = {isa = PBXFileReference; fileEncoding = 4; lastKnownFileType = sourcecode.swift; path = CheckboxButton.swift; sourceTree = "<group>"; };
		07C269632BD99C9D001C468B /* DittoProgressView.swift */ = {isa = PBXFileReference; fileEncoding = 4; lastKnownFileType = sourcecode.swift; path = DittoProgressView.swift; sourceTree = "<group>"; };
		07C269642BD99C9D001C468B /* RoomDetailsView.swift */ = {isa = PBXFileReference; fileEncoding = 4; lastKnownFileType = sourcecode.swift; path = RoomDetailsView.swift; sourceTree = "<group>"; };
		07C269652BD99C9D001C468B /* RoomView.swift */ = {isa = PBXFileReference; fileEncoding = 4; lastKnownFileType = sourcecode.swift; path = RoomView.swift; sourceTree = "<group>"; };
		07C269662BD99C9D001C468B /* SpinnerView.swift */ = {isa = PBXFileReference; fileEncoding = 4; lastKnownFileType = sourcecode.swift; path = SpinnerView.swift; sourceTree = "<group>"; };
		07C269682BD99C9D001C468B /* Assets.xcassets */ = {isa = PBXFileReference; lastKnownFileType = folder.assetcatalog; path = Assets.xcassets; sourceTree = "<group>"; };
		07C269692BD99C9D001C468B /* DittoChatApp.swift */ = {isa = PBXFileReference; fileEncoding = 4; lastKnownFileType = sourcecode.swift; path = DittoChatApp.swift; sourceTree = "<group>"; };
		07C2696A2BD99C9D001C468B /* DittoManager.swift */ = {isa = PBXFileReference; fileEncoding = 4; lastKnownFileType = sourcecode.swift; path = DittoManager.swift; sourceTree = "<group>"; };
		07C2696B2BD99C9D001C468B /* Env.swift */ = {isa = PBXFileReference; fileEncoding = 4; lastKnownFileType = sourcecode.swift; path = Env.swift; sourceTree = "<group>"; };
		14CADB2A293FEBD500BED068 /* DittoChat.app */ = {isa = PBXFileReference; explicitFileType = wrapper.application; includeInIndex = 0; path = DittoChat.app; sourceTree = BUILT_PRODUCTS_DIR; };
		14CADB3A293FEBD600BED068 /* DittoChatTests.xctest */ = {isa = PBXFileReference; explicitFileType = wrapper.cfbundle; includeInIndex = 0; path = DittoChatTests.xctest; sourceTree = BUILT_PRODUCTS_DIR; };
		14CADB3E293FEBD600BED068 /* DittoChatTests.swift */ = {isa = PBXFileReference; lastKnownFileType = sourcecode.swift; path = DittoChatTests.swift; sourceTree = "<group>"; };
		14CADB44293FEBD600BED068 /* DittoChatUITests.xctest */ = {isa = PBXFileReference; explicitFileType = wrapper.cfbundle; includeInIndex = 0; path = DittoChatUITests.xctest; sourceTree = BUILT_PRODUCTS_DIR; };
		14CADB48293FEBD600BED068 /* DittoChatUITests.swift */ = {isa = PBXFileReference; lastKnownFileType = sourcecode.swift; path = DittoChatUITests.swift; sourceTree = "<group>"; };
		14CADB4A293FEBD600BED068 /* DittoChatUITestsLaunchTests.swift */ = {isa = PBXFileReference; lastKnownFileType = sourcecode.swift; path = DittoChatUITestsLaunchTests.swift; sourceTree = "<group>"; };
		14E834D22953C7F60027D750 /* README.md */ = {isa = PBXFileReference; lastKnownFileType = net.daringfireball.markdown; path = README.md; sourceTree = "<group>"; };
/* End PBXFileReference section */

/* Begin PBXFrameworksBuildPhase section */
		14CADB27293FEBD500BED068 /* Frameworks */ = {
			isa = PBXFrameworksBuildPhase;
			buildActionMask = 2147483647;
			files = (
				14A2B746298987D300E0FF86 /* DittoDiskUsage in Frameworks */,
				14A2B748298987D300E0FF86 /* DittoExportLogs in Frameworks */,
				14BF945D29786731001F672D /* CodeScanner in Frameworks */,
				14CADB5B293FEFD700BED068 /* DittoObjC in Frameworks */,
				143FFCC42B20F4840085A2EF /* DittoExportData in Frameworks */,
				14CADB5D293FEFD700BED068 /* DittoSwift in Frameworks */,
				14CADB60293FF00700BED068 /* Fakery in Frameworks */,
				14A2B74A298987D400E0FF86 /* DittoPresenceViewer in Frameworks */,
				14A2B744298987D300E0FF86 /* DittoDataBrowser in Frameworks */,
				143FFCC62B20F4840085A2EF /* DittoPeersList in Frameworks */,
			);
			runOnlyForDeploymentPostprocessing = 0;
		};
		14CADB37293FEBD600BED068 /* Frameworks */ = {
			isa = PBXFrameworksBuildPhase;
			buildActionMask = 2147483647;
			files = (
			);
			runOnlyForDeploymentPostprocessing = 0;
		};
		14CADB41293FEBD600BED068 /* Frameworks */ = {
			isa = PBXFrameworksBuildPhase;
			buildActionMask = 2147483647;
			files = (
			);
			runOnlyForDeploymentPostprocessing = 0;
		};
/* End PBXFrameworksBuildPhase section */

/* Begin PBXGroup section */
		07C2692B2BD99C9D001C468B /* Data */ = {
			isa = PBXGroup;
			children = (
				07C269282BD99C9D001C468B /* DataManager.swift */,
				07C269292BD99C9D001C468B /* DittoService.swift */,
				07C2692A2BD99C9D001C468B /* LocalStoreService.swift */,
			);
			path = Data;
			sourceTree = "<group>";
		};
		07C2692F2BD99C9D001C468B /* ErrorHandling */ = {
			isa = PBXGroup;
			children = (
				07C2692C2BD99C9D001C468B /* CustomErrors.swift */,
				07C2692D2BD99C9D001C468B /* ErrorHandler.swift */,
				07C2692E2BD99C9D001C468B /* GeneralErrorView.swift */,
			);
			path = ErrorHandling;
			sourceTree = "<group>";
		};
		07C269352BD99C9D001C468B /* Models */ = {
			isa = PBXGroup;
			children = (
				07C269302BD99C9D001C468B /* ChatUser.swift */,
				07C269312BD99C9D001C468B /* Message.swift */,
				07C269322BD99C9D001C468B /* MessageWithUser.swift */,
				07C269332BD99C9D001C468B /* Room.swift */,
				07C269342BD99C9D001C468B /* User.swift */,
			);
			path = Models;
			sourceTree = "<group>";
		};
		07C269372BD99C9D001C468B /* Preview Content */ = {
			isa = PBXGroup;
			children = (
				07C269362BD99C9D001C468B /* Preview Assets.xcassets */,
			);
			path = "Preview Content";
			sourceTree = "<group>";
		};
		07C2693F2BD99C9D001C468B /* ChatScreen */ = {
			isa = PBXGroup;
			children = (
				07C269382BD99C9D001C468B /* AttachmentPreview.swift */,
				07C269392BD99C9D001C468B /* ChatScreen.swift */,
				07C2693A2BD99C9D001C468B /* ChatScreenVM.swift */,
				07C2693B2BD99C9D001C468B /* DocumentPickerView.swift */,
				07C2693C2BD99C9D001C468B /* MessageBubbleView.swift */,
				07C2693D2BD99C9D001C468B /* MessageBubbleVM.swift */,
				07C2693E2BD99C9D001C468B /* PreviewView.swift */,
			);
			path = ChatScreen;
			sourceTree = "<group>";
		};
		07C269422BD99C9D001C468B /* CodeScanner */ = {
			isa = PBXGroup;
			children = (
				07C269402BD99C9D001C468B /* QRCodeView.swift */,
				07C269412BD99C9D001C468B /* ScannerView.swift */,
			);
			path = CodeScanner;
			sourceTree = "<group>";
		};
		07C269452BD99C9D001C468B /* MessageEditView */ = {
			isa = PBXGroup;
			children = (
				07C269432BD99C9D001C468B /* EditMessageBubbleView.swift */,
				07C269442BD99C9D001C468B /* MessageEditView.swift */,
			);
			path = MessageEditView;
			sourceTree = "<group>";
		};
		07C269482BD99C9D001C468B /* ProfileScreen */ = {
			isa = PBXGroup;
			children = (
				07C269462BD99C9D001C468B /* ProfileScreen.swift */,
				07C269472BD99C9D001C468B /* ProfileScreenViewModel.swift */,
			);
			path = ProfileScreen;
			sourceTree = "<group>";
		};
		07C2694B2BD99C9D001C468B /* RoomEditScreen */ = {
			isa = PBXGroup;
			children = (
				07C269492BD99C9D001C468B /* RoomEditScreen.swift */,
				07C2694A2BD99C9D001C468B /* RoomEditScreenViewModel.swift */,
			);
			path = RoomEditScreen;
			sourceTree = "<group>";
		};
		07C2694F2BD99C9D001C468B /* RoomsListScreen */ = {
			isa = PBXGroup;
			children = (
				07C2694C2BD99C9D001C468B /* RoomsListRowItem.swift */,
				07C2694D2BD99C9D001C468B /* RoomsListScreen.swift */,
				07C2694E2BD99C9D001C468B /* RoomsListScreenVM.swift */,
			);
			path = RoomsListScreen;
			sourceTree = "<group>";
		};
		07C269542BD99C9D001C468B /* SettingsScreen */ = {
			isa = PBXGroup;
			children = (
				07C269502BD99C9D001C468B /* DittoToolsListItem.swift */,
				07C269512BD99C9D001C468B /* DittoToolsListView.swift */,
				07C269522BD99C9D001C468B /* SettingsScreen.swift */,
				07C269532BD99C9D001C468B /* SettingsScreenVM.swift */,
			);
			path = SettingsScreen;
			sourceTree = "<group>";
		};
		07C269552BD99C9D001C468B /* Screens */ = {
			isa = PBXGroup;
			children = (
				07C2693F2BD99C9D001C468B /* ChatScreen */,
				07C269422BD99C9D001C468B /* CodeScanner */,
				07C269452BD99C9D001C468B /* MessageEditView */,
				07C269482BD99C9D001C468B /* ProfileScreen */,
				07C2694B2BD99C9D001C468B /* RoomEditScreen */,
				07C2694F2BD99C9D001C468B /* RoomsListScreen */,
				07C269542BD99C9D001C468B /* SettingsScreen */,
			);
			path = Screens;
			sourceTree = "<group>";
		};
		07C2695C2BD99C9D001C468B /* Utilities */ = {
			isa = PBXGroup;
			children = (
				07C269562BD99C9D001C468B /* DittoToolsUtilities.swift */,
				07C269572BD99C9D001C468B /* LogManager.swift */,
				07C269582BD99C9D001C468B /* StringKeys.swift */,
				07C269592BD99C9D001C468B /* TemporaryFile.swift */,
				07C2695A2BD99C9D001C468B /* UIImage+Rotation.swift */,
				07C2695B2BD99C9D001C468B /* Utils.swift */,
			);
			path = Utilities;
			sourceTree = "<group>";
		};
		07C2695E2BD99C9D001C468B /* AvatarView */ = {
			isa = PBXGroup;
			children = (
				07C2695D2BD99C9D001C468B /* AvatarView.swift */,
			);
			path = AvatarView;
			sourceTree = "<group>";
		};
		07C269612BD99C9D001C468B /* ChatInputView */ = {
			isa = PBXGroup;
			children = (
				07C2695F2BD99C9D001C468B /* ChatInputView.swift */,
				07C269602BD99C9D001C468B /* ExpandingTextView.swift */,
			);
			path = ChatInputView;
			sourceTree = "<group>";
		};
		07C269672BD99C9D001C468B /* Views */ = {
			isa = PBXGroup;
			children = (
				07C2695E2BD99C9D001C468B /* AvatarView */,
				07C269612BD99C9D001C468B /* ChatInputView */,
				07C269622BD99C9D001C468B /* CheckboxButton.swift */,
				07C269632BD99C9D001C468B /* DittoProgressView.swift */,
				07C269642BD99C9D001C468B /* RoomDetailsView.swift */,
				07C269652BD99C9D001C468B /* RoomView.swift */,
				07C269662BD99C9D001C468B /* SpinnerView.swift */,
			);
			path = Views;
			sourceTree = "<group>";
		};
		07C2696D2BD99C9D001C468B /* DittoChat */ = {
			isa = PBXGroup;
			children = (
				07C2692B2BD99C9D001C468B /* Data */,
				07C2692F2BD99C9D001C468B /* ErrorHandling */,
				07C269352BD99C9D001C468B /* Models */,
				07C269372BD99C9D001C468B /* Preview Content */,
				07C269552BD99C9D001C468B /* Screens */,
				07C2695C2BD99C9D001C468B /* Utilities */,
				07C269672BD99C9D001C468B /* Views */,
				07C269682BD99C9D001C468B /* Assets.xcassets */,
				07C269692BD99C9D001C468B /* DittoChatApp.swift */,
				07C2696A2BD99C9D001C468B /* DittoManager.swift */,
				07C2696B2BD99C9D001C468B /* Env.swift */,
			);
			path = DittoChat;
			sourceTree = "<group>";
		};
		14A2B742298987D300E0FF86 /* Frameworks */ = {
			isa = PBXGroup;
			children = (
			);
			name = Frameworks;
			sourceTree = "<group>";
		};
		14CADB21293FEBD500BED068 = {
			isa = PBXGroup;
			children = (
				14E834D22953C7F60027D750 /* README.md */,
				07C2696D2BD99C9D001C468B /* DittoChat */,
				14CADB3D293FEBD600BED068 /* DittoChatTests */,
				14CADB47293FEBD600BED068 /* DittoChatUITests */,
				14CADB2B293FEBD500BED068 /* Products */,
				14A2B742298987D300E0FF86 /* Frameworks */,
			);
			sourceTree = "<group>";
		};
		14CADB2B293FEBD500BED068 /* Products */ = {
			isa = PBXGroup;
			children = (
				14CADB2A293FEBD500BED068 /* DittoChat.app */,
				14CADB3A293FEBD600BED068 /* DittoChatTests.xctest */,
				14CADB44293FEBD600BED068 /* DittoChatUITests.xctest */,
			);
			name = Products;
			sourceTree = "<group>";
		};
		14CADB3D293FEBD600BED068 /* DittoChatTests */ = {
			isa = PBXGroup;
			children = (
				14CADB3E293FEBD600BED068 /* DittoChatTests.swift */,
			);
			path = DittoChatTests;
			sourceTree = "<group>";
		};
		14CADB47293FEBD600BED068 /* DittoChatUITests */ = {
			isa = PBXGroup;
			children = (
				14CADB48293FEBD600BED068 /* DittoChatUITests.swift */,
				14CADB4A293FEBD600BED068 /* DittoChatUITestsLaunchTests.swift */,
			);
			path = DittoChatUITests;
			sourceTree = "<group>";
		};
/* End PBXGroup section */

/* Begin PBXNativeTarget section */
		14CADB29293FEBD500BED068 /* DittoChat */ = {
			isa = PBXNativeTarget;
			buildConfigurationList = 14CADB4E293FEBD600BED068 /* Build configuration list for PBXNativeTarget "DittoChat" */;
			buildPhases = (
				14585D072A13F78700E496AC /* Generate Env.swift */,
				14CADB26293FEBD500BED068 /* Sources */,
				14CADB27293FEBD500BED068 /* Frameworks */,
				14CADB28293FEBD500BED068 /* Resources */,
			);
			buildRules = (
			);
			dependencies = (
			);
			name = DittoChat;
			packageProductDependencies = (
				14CADB5A293FEFD700BED068 /* DittoObjC */,
				14CADB5C293FEFD700BED068 /* DittoSwift */,
				14CADB5F293FF00700BED068 /* Fakery */,
				14BF945C29786731001F672D /* CodeScanner */,
				14A2B743298987D300E0FF86 /* DittoDataBrowser */,
				14A2B745298987D300E0FF86 /* DittoDiskUsage */,
				14A2B747298987D300E0FF86 /* DittoExportLogs */,
				14A2B749298987D400E0FF86 /* DittoPresenceViewer */,
				143FFCC32B20F4840085A2EF /* DittoExportData */,
				143FFCC52B20F4840085A2EF /* DittoPeersList */,
			);
			productName = DittoChat;
			productReference = 14CADB2A293FEBD500BED068 /* DittoChat.app */;
			productType = "com.apple.product-type.application";
		};
		14CADB39293FEBD600BED068 /* DittoChatTests */ = {
			isa = PBXNativeTarget;
			buildConfigurationList = 14CADB51293FEBD600BED068 /* Build configuration list for PBXNativeTarget "DittoChatTests" */;
			buildPhases = (
				14CADB36293FEBD600BED068 /* Sources */,
				14CADB37293FEBD600BED068 /* Frameworks */,
				14CADB38293FEBD600BED068 /* Resources */,
			);
			buildRules = (
			);
			dependencies = (
				14CADB3C293FEBD600BED068 /* PBXTargetDependency */,
			);
			name = DittoChatTests;
			productName = DittoChatTests;
			productReference = 14CADB3A293FEBD600BED068 /* DittoChatTests.xctest */;
			productType = "com.apple.product-type.bundle.unit-test";
		};
		14CADB43293FEBD600BED068 /* DittoChatUITests */ = {
			isa = PBXNativeTarget;
			buildConfigurationList = 14CADB54293FEBD600BED068 /* Build configuration list for PBXNativeTarget "DittoChatUITests" */;
			buildPhases = (
				14CADB40293FEBD600BED068 /* Sources */,
				14CADB41293FEBD600BED068 /* Frameworks */,
				14CADB42293FEBD600BED068 /* Resources */,
			);
			buildRules = (
			);
			dependencies = (
				14CADB46293FEBD600BED068 /* PBXTargetDependency */,
			);
			name = DittoChatUITests;
			productName = DittoChatUITests;
			productReference = 14CADB44293FEBD600BED068 /* DittoChatUITests.xctest */;
			productType = "com.apple.product-type.bundle.ui-testing";
		};
/* End PBXNativeTarget section */

/* Begin PBXProject section */
		14CADB22293FEBD500BED068 /* Project object */ = {
			isa = PBXProject;
			attributes = {
				BuildIndependentTargetsInParallel = 1;
				LastSwiftUpdateCheck = 1410;
				LastUpgradeCheck = 1500;
				ORGANIZATIONNAME = "DittoLive Incorporated";
				TargetAttributes = {
					14CADB29293FEBD500BED068 = {
						CreatedOnToolsVersion = 14.1;
					};
					14CADB39293FEBD600BED068 = {
						CreatedOnToolsVersion = 14.1;
						TestTargetID = 14CADB29293FEBD500BED068;
					};
					14CADB43293FEBD600BED068 = {
						CreatedOnToolsVersion = 14.1;
						TestTargetID = 14CADB29293FEBD500BED068;
					};
				};
			};
			buildConfigurationList = 14CADB25293FEBD500BED068 /* Build configuration list for PBXProject "DittoChat" */;
			compatibilityVersion = "Xcode 13.0";
			developmentRegion = en;
			hasScannedForEncodings = 0;
			knownRegions = (
				en,
				Base,
			);
			mainGroup = 14CADB21293FEBD500BED068;
			packageReferences = (
				14CADB59293FEFD700BED068 /* XCRemoteSwiftPackageReference "DittoSwiftPackage" */,
				14CADB5E293FF00700BED068 /* XCRemoteSwiftPackageReference "Fakery" */,
				14BF945B29786731001F672D /* XCRemoteSwiftPackageReference "CodeScanner" */,
				14A2B73F2989825000E0FF86 /* XCRemoteSwiftPackageReference "DittoSwiftTools" */,
			);
			productRefGroup = 14CADB2B293FEBD500BED068 /* Products */;
			projectDirPath = "";
			projectRoot = "";
			targets = (
				14CADB29293FEBD500BED068 /* DittoChat */,
				14CADB39293FEBD600BED068 /* DittoChatTests */,
				14CADB43293FEBD600BED068 /* DittoChatUITests */,
			);
		};
/* End PBXProject section */

/* Begin PBXResourcesBuildPhase section */
		14CADB28293FEBD500BED068 /* Resources */ = {
			isa = PBXResourcesBuildPhase;
			buildActionMask = 2147483647;
			files = (
				07C2699E2BD99C9D001C468B /* Assets.xcassets in Resources */,
				07C269792BD99C9D001C468B /* Preview Assets.xcassets in Resources */,
			);
			runOnlyForDeploymentPostprocessing = 0;
		};
		14CADB38293FEBD600BED068 /* Resources */ = {
			isa = PBXResourcesBuildPhase;
			buildActionMask = 2147483647;
			files = (
			);
			runOnlyForDeploymentPostprocessing = 0;
		};
		14CADB42293FEBD600BED068 /* Resources */ = {
			isa = PBXResourcesBuildPhase;
			buildActionMask = 2147483647;
			files = (
			);
			runOnlyForDeploymentPostprocessing = 0;
		};
/* End PBXResourcesBuildPhase section */

/* Begin PBXShellScriptBuildPhase section */
		14585D072A13F78700E496AC /* Generate Env.swift */ = {
			isa = PBXShellScriptBuildPhase;
			buildActionMask = 2147483647;
			files = (
			);
			inputFileListPaths = (
			);
			inputPaths = (
				"$(SRCROOT)/buildEnv.sh",
				"${SRCROOT}/.env",
			);
			name = "Generate Env.swift";
			outputFileListPaths = (
			);
			outputPaths = (
				"${SRCROOT}/${PROJECT}/Env.swift",
			);
			runOnlyForDeploymentPostprocessing = 0;
			shellPath = /bin/sh;
			shellScript = "\"${SRCROOT}/buildEnv.sh\" \"${SRCROOT}/.env\" \"${SRCROOT}/${PROJECT}\"\n";
		};
/* End PBXShellScriptBuildPhase section */

/* Begin PBXSourcesBuildPhase section */
		14CADB26293FEBD500BED068 /* Sources */ = {
			isa = PBXSourcesBuildPhase;
			buildActionMask = 2147483647;
			files = (
				07C2698E2BD99C9D001C468B /* SettingsScreen.swift in Sources */,
				07C269972BD99C9D001C468B /* ChatInputView.swift in Sources */,
				07C2698B2BD99C9D001C468B /* RoomsListScreenVM.swift in Sources */,
				07C269742BD99C9D001C468B /* ChatUser.swift in Sources */,
				07C2696F2BD99C9D001C468B /* DittoService.swift in Sources */,
				07C2699B2BD99C9D001C468B /* RoomDetailsView.swift in Sources */,
				07C269712BD99C9D001C468B /* CustomErrors.swift in Sources */,
				07C269952BD99C9D001C468B /* Utils.swift in Sources */,
				07C269732BD99C9D001C468B /* GeneralErrorView.swift in Sources */,
				07C269772BD99C9D001C468B /* Room.swift in Sources */,
				07C2697A2BD99C9D001C468B /* AttachmentPreview.swift in Sources */,
				07C269722BD99C9D001C468B /* ErrorHandler.swift in Sources */,
				07C269752BD99C9D001C468B /* Message.swift in Sources */,
				07C2698A2BD99C9D001C468B /* RoomsListScreen.swift in Sources */,
				07C2697B2BD99C9D001C468B /* ChatScreen.swift in Sources */,
				07C269962BD99C9D001C468B /* AvatarView.swift in Sources */,
				07C2698C2BD99C9D001C468B /* DittoToolsListItem.swift in Sources */,
				07C269932BD99C9D001C468B /* TemporaryFile.swift in Sources */,
				07C2699F2BD99C9D001C468B /* DittoChatApp.swift in Sources */,
				07C269822BD99C9D001C468B /* ScannerView.swift in Sources */,
				07C269872BD99C9D001C468B /* RoomEditScreen.swift in Sources */,
				07C269902BD99C9D001C468B /* DittoToolsUtilities.swift in Sources */,
				07C269882BD99C9D001C468B /* RoomEditScreenViewModel.swift in Sources */,
				07C269812BD99C9D001C468B /* QRCodeView.swift in Sources */,
				07C269702BD99C9D001C468B /* LocalStoreService.swift in Sources */,
				07C269862BD99C9D001C468B /* ProfileScreenViewModel.swift in Sources */,
				07C2697F2BD99C9D001C468B /* MessageBubbleVM.swift in Sources */,
				07C2699D2BD99C9D001C468B /* SpinnerView.swift in Sources */,
				07C2698F2BD99C9D001C468B /* SettingsScreenVM.swift in Sources */,
				07C269802BD99C9D001C468B /* PreviewView.swift in Sources */,
				07C2697D2BD99C9D001C468B /* DocumentPickerView.swift in Sources */,
				07C269832BD99C9D001C468B /* EditMessageBubbleView.swift in Sources */,
				07C2698D2BD99C9D001C468B /* DittoToolsListView.swift in Sources */,
				07C2699A2BD99C9D001C468B /* DittoProgressView.swift in Sources */,
				07C2696E2BD99C9D001C468B /* DataManager.swift in Sources */,
				07C269A12BD99C9D001C468B /* Env.swift in Sources */,
				07C269762BD99C9D001C468B /* MessageWithUser.swift in Sources */,
				07C269942BD99C9D001C468B /* UIImage+Rotation.swift in Sources */,
				07C269842BD99C9D001C468B /* MessageEditView.swift in Sources */,
				07C2697C2BD99C9D001C468B /* ChatScreenVM.swift in Sources */,
				07C2699C2BD99C9D001C468B /* RoomView.swift in Sources */,
				07C269892BD99C9D001C468B /* RoomsListRowItem.swift in Sources */,
				07C269A02BD99C9D001C468B /* DittoManager.swift in Sources */,
				07C269982BD99C9D001C468B /* ExpandingTextView.swift in Sources */,
				07C269912BD99C9D001C468B /* LogManager.swift in Sources */,
				07C269852BD99C9D001C468B /* ProfileScreen.swift in Sources */,
				07C2697E2BD99C9D001C468B /* MessageBubbleView.swift in Sources */,
				07C269922BD99C9D001C468B /* StringKeys.swift in Sources */,
				07C269992BD99C9D001C468B /* CheckboxButton.swift in Sources */,
				07C269782BD99C9D001C468B /* User.swift in Sources */,
			);
			runOnlyForDeploymentPostprocessing = 0;
		};
		14CADB36293FEBD600BED068 /* Sources */ = {
			isa = PBXSourcesBuildPhase;
			buildActionMask = 2147483647;
			files = (
				14CADB3F293FEBD600BED068 /* DittoChatTests.swift in Sources */,
			);
			runOnlyForDeploymentPostprocessing = 0;
		};
		14CADB40293FEBD600BED068 /* Sources */ = {
			isa = PBXSourcesBuildPhase;
			buildActionMask = 2147483647;
			files = (
				14CADB49293FEBD600BED068 /* DittoChatUITests.swift in Sources */,
				14CADB4B293FEBD600BED068 /* DittoChatUITestsLaunchTests.swift in Sources */,
			);
			runOnlyForDeploymentPostprocessing = 0;
		};
/* End PBXSourcesBuildPhase section */

/* Begin PBXTargetDependency section */
		14CADB3C293FEBD600BED068 /* PBXTargetDependency */ = {
			isa = PBXTargetDependency;
			target = 14CADB29293FEBD500BED068 /* DittoChat */;
			targetProxy = 14CADB3B293FEBD600BED068 /* PBXContainerItemProxy */;
		};
		14CADB46293FEBD600BED068 /* PBXTargetDependency */ = {
			isa = PBXTargetDependency;
			target = 14CADB29293FEBD500BED068 /* DittoChat */;
			targetProxy = 14CADB45293FEBD600BED068 /* PBXContainerItemProxy */;
		};
/* End PBXTargetDependency section */

/* Begin XCBuildConfiguration section */
		14CADB4C293FEBD600BED068 /* Debug */ = {
			isa = XCBuildConfiguration;
			buildSettings = {
				ALWAYS_SEARCH_USER_PATHS = NO;
				ASSETCATALOG_COMPILER_GENERATE_SWIFT_ASSET_SYMBOL_EXTENSIONS = YES;
				CLANG_ANALYZER_NONNULL = YES;
				CLANG_ANALYZER_NUMBER_OBJECT_CONVERSION = YES_AGGRESSIVE;
				CLANG_CXX_LANGUAGE_STANDARD = "gnu++20";
				CLANG_ENABLE_MODULES = YES;
				CLANG_ENABLE_OBJC_ARC = YES;
				CLANG_ENABLE_OBJC_WEAK = YES;
				CLANG_WARN_BLOCK_CAPTURE_AUTORELEASING = YES;
				CLANG_WARN_BOOL_CONVERSION = YES;
				CLANG_WARN_COMMA = YES;
				CLANG_WARN_CONSTANT_CONVERSION = YES;
				CLANG_WARN_DEPRECATED_OBJC_IMPLEMENTATIONS = YES;
				CLANG_WARN_DIRECT_OBJC_ISA_USAGE = YES_ERROR;
				CLANG_WARN_DOCUMENTATION_COMMENTS = YES;
				CLANG_WARN_EMPTY_BODY = YES;
				CLANG_WARN_ENUM_CONVERSION = YES;
				CLANG_WARN_INFINITE_RECURSION = YES;
				CLANG_WARN_INT_CONVERSION = YES;
				CLANG_WARN_NON_LITERAL_NULL_CONVERSION = YES;
				CLANG_WARN_OBJC_IMPLICIT_RETAIN_SELF = YES;
				CLANG_WARN_OBJC_LITERAL_CONVERSION = YES;
				CLANG_WARN_OBJC_ROOT_CLASS = YES_ERROR;
				CLANG_WARN_QUOTED_INCLUDE_IN_FRAMEWORK_HEADER = YES;
				CLANG_WARN_RANGE_LOOP_ANALYSIS = YES;
				CLANG_WARN_STRICT_PROTOTYPES = YES;
				CLANG_WARN_SUSPICIOUS_MOVE = YES;
				CLANG_WARN_UNGUARDED_AVAILABILITY = YES_AGGRESSIVE;
				CLANG_WARN_UNREACHABLE_CODE = YES;
				CLANG_WARN__DUPLICATE_METHOD_MATCH = YES;
				COPY_PHASE_STRIP = NO;
				DEBUG_INFORMATION_FORMAT = dwarf;
				ENABLE_STRICT_OBJC_MSGSEND = YES;
				ENABLE_TESTABILITY = YES;
				ENABLE_USER_SCRIPT_SANDBOXING = YES;
				GCC_C_LANGUAGE_STANDARD = gnu11;
				GCC_DYNAMIC_NO_PIC = NO;
				GCC_NO_COMMON_BLOCKS = YES;
				GCC_OPTIMIZATION_LEVEL = 0;
				GCC_PREPROCESSOR_DEFINITIONS = (
					"DEBUG=1",
					"$(inherited)",
				);
				GCC_WARN_64_TO_32_BIT_CONVERSION = YES;
				GCC_WARN_ABOUT_RETURN_TYPE = YES_ERROR;
				GCC_WARN_UNDECLARED_SELECTOR = YES;
				GCC_WARN_UNINITIALIZED_AUTOS = YES_AGGRESSIVE;
				GCC_WARN_UNUSED_FUNCTION = YES;
				GCC_WARN_UNUSED_VARIABLE = YES;
				IPHONEOS_DEPLOYMENT_TARGET = 16.0;
				MTL_ENABLE_DEBUG_INFO = INCLUDE_SOURCE;
				MTL_FAST_MATH = YES;
				ONLY_ACTIVE_ARCH = YES;
				SDKROOT = iphoneos;
				SWIFT_ACTIVE_COMPILATION_CONDITIONS = DEBUG;
				SWIFT_OPTIMIZATION_LEVEL = "-Onone";
			};
			name = Debug;
		};
		14CADB4D293FEBD600BED068 /* Release */ = {
			isa = XCBuildConfiguration;
			buildSettings = {
				ALWAYS_SEARCH_USER_PATHS = NO;
				ASSETCATALOG_COMPILER_GENERATE_SWIFT_ASSET_SYMBOL_EXTENSIONS = YES;
				CLANG_ANALYZER_NONNULL = YES;
				CLANG_ANALYZER_NUMBER_OBJECT_CONVERSION = YES_AGGRESSIVE;
				CLANG_CXX_LANGUAGE_STANDARD = "gnu++20";
				CLANG_ENABLE_MODULES = YES;
				CLANG_ENABLE_OBJC_ARC = YES;
				CLANG_ENABLE_OBJC_WEAK = YES;
				CLANG_WARN_BLOCK_CAPTURE_AUTORELEASING = YES;
				CLANG_WARN_BOOL_CONVERSION = YES;
				CLANG_WARN_COMMA = YES;
				CLANG_WARN_CONSTANT_CONVERSION = YES;
				CLANG_WARN_DEPRECATED_OBJC_IMPLEMENTATIONS = YES;
				CLANG_WARN_DIRECT_OBJC_ISA_USAGE = YES_ERROR;
				CLANG_WARN_DOCUMENTATION_COMMENTS = YES;
				CLANG_WARN_EMPTY_BODY = YES;
				CLANG_WARN_ENUM_CONVERSION = YES;
				CLANG_WARN_INFINITE_RECURSION = YES;
				CLANG_WARN_INT_CONVERSION = YES;
				CLANG_WARN_NON_LITERAL_NULL_CONVERSION = YES;
				CLANG_WARN_OBJC_IMPLICIT_RETAIN_SELF = YES;
				CLANG_WARN_OBJC_LITERAL_CONVERSION = YES;
				CLANG_WARN_OBJC_ROOT_CLASS = YES_ERROR;
				CLANG_WARN_QUOTED_INCLUDE_IN_FRAMEWORK_HEADER = YES;
				CLANG_WARN_RANGE_LOOP_ANALYSIS = YES;
				CLANG_WARN_STRICT_PROTOTYPES = YES;
				CLANG_WARN_SUSPICIOUS_MOVE = YES;
				CLANG_WARN_UNGUARDED_AVAILABILITY = YES_AGGRESSIVE;
				CLANG_WARN_UNREACHABLE_CODE = YES;
				CLANG_WARN__DUPLICATE_METHOD_MATCH = YES;
				COPY_PHASE_STRIP = NO;
				DEBUG_INFORMATION_FORMAT = "dwarf-with-dsym";
				ENABLE_NS_ASSERTIONS = NO;
				ENABLE_STRICT_OBJC_MSGSEND = YES;
				ENABLE_USER_SCRIPT_SANDBOXING = YES;
				GCC_C_LANGUAGE_STANDARD = gnu11;
				GCC_NO_COMMON_BLOCKS = YES;
				GCC_WARN_64_TO_32_BIT_CONVERSION = YES;
				GCC_WARN_ABOUT_RETURN_TYPE = YES_ERROR;
				GCC_WARN_UNDECLARED_SELECTOR = YES;
				GCC_WARN_UNINITIALIZED_AUTOS = YES_AGGRESSIVE;
				GCC_WARN_UNUSED_FUNCTION = YES;
				GCC_WARN_UNUSED_VARIABLE = YES;
				IPHONEOS_DEPLOYMENT_TARGET = 16.0;
				MTL_ENABLE_DEBUG_INFO = NO;
				MTL_FAST_MATH = YES;
				SDKROOT = iphoneos;
				SWIFT_COMPILATION_MODE = wholemodule;
				SWIFT_OPTIMIZATION_LEVEL = "-O";
				VALIDATE_PRODUCT = YES;
			};
			name = Release;
		};
		14CADB4F293FEBD600BED068 /* Debug */ = {
			isa = XCBuildConfiguration;
			buildSettings = {
				ASSETCATALOG_COMPILER_APPICON_NAME = AppIcon;
				ASSETCATALOG_COMPILER_GLOBAL_ACCENT_COLOR_NAME = AccentColor;
				CODE_SIGN_STYLE = Automatic;
				CURRENT_PROJECT_VERSION = 1;
				DEVELOPMENT_ASSET_PATHS = "\"DittoChat/Preview Content\"";
				DEVELOPMENT_TEAM = 3T2VMFZPPQ;
				ENABLE_PREVIEWS = YES;
				GENERATE_INFOPLIST_FILE = YES;
				INFOPLIST_KEY_NSBluetoothAlwaysUsageDescription = "Uses Bluetooth to connect and sync with nearby devices";
				INFOPLIST_KEY_NSBluetoothPeripheralUsageDescription = "Uses Bluetooth to connect and sync with nearby devices";
				INFOPLIST_KEY_NSCameraUsageDescription = "Use camera to scan invitation to private room";
				INFOPLIST_KEY_NSLocalNetworkUsageDescription = "Uses WiFi to connect and sync with nearby devices";
				INFOPLIST_KEY_UIApplicationSupportsIndirectInputEvents = YES;
				INFOPLIST_KEY_UILaunchScreen_Generation = YES;
				INFOPLIST_KEY_UISupportedInterfaceOrientations_iPad = "UIInterfaceOrientationPortrait UIInterfaceOrientationPortraitUpsideDown UIInterfaceOrientationLandscapeLeft UIInterfaceOrientationLandscapeRight";
				INFOPLIST_KEY_UISupportedInterfaceOrientations_iPhone = "UIInterfaceOrientationPortrait UIInterfaceOrientationLandscapeLeft UIInterfaceOrientationLandscapeRight";
				IPHONEOS_DEPLOYMENT_TARGET = 16.0;
				LD_RUNPATH_SEARCH_PATHS = (
					"$(inherited)",
					"@executable_path/Frameworks",
				);
				MARKETING_VERSION = 4.0.3;
				PRODUCT_BUNDLE_IDENTIFIER = live.ditto.Chat;
				PRODUCT_NAME = "$(TARGET_NAME)";
				SWIFT_EMIT_LOC_STRINGS = YES;
				SWIFT_VERSION = 5.0;
				TARGETED_DEVICE_FAMILY = "1,2";
			};
			name = Debug;
		};
		14CADB50293FEBD600BED068 /* Release */ = {
			isa = XCBuildConfiguration;
			buildSettings = {
				ASSETCATALOG_COMPILER_APPICON_NAME = AppIcon;
				ASSETCATALOG_COMPILER_GLOBAL_ACCENT_COLOR_NAME = AccentColor;
				CODE_SIGN_STYLE = Automatic;
				CURRENT_PROJECT_VERSION = 1;
				DEVELOPMENT_ASSET_PATHS = "\"DittoChat/Preview Content\"";
				DEVELOPMENT_TEAM = 3T2VMFZPPQ;
				ENABLE_PREVIEWS = YES;
				GENERATE_INFOPLIST_FILE = YES;
				INFOPLIST_KEY_NSBluetoothAlwaysUsageDescription = "Uses Bluetooth to connect and sync with nearby devices";
				INFOPLIST_KEY_NSBluetoothPeripheralUsageDescription = "Uses Bluetooth to connect and sync with nearby devices";
				INFOPLIST_KEY_NSCameraUsageDescription = "Use camera to scan invitation to private room";
				INFOPLIST_KEY_NSLocalNetworkUsageDescription = "Uses WiFi to connect and sync with nearby devices";
				INFOPLIST_KEY_UIApplicationSupportsIndirectInputEvents = YES;
				INFOPLIST_KEY_UILaunchScreen_Generation = YES;
				INFOPLIST_KEY_UISupportedInterfaceOrientations_iPad = "UIInterfaceOrientationPortrait UIInterfaceOrientationPortraitUpsideDown UIInterfaceOrientationLandscapeLeft UIInterfaceOrientationLandscapeRight";
				INFOPLIST_KEY_UISupportedInterfaceOrientations_iPhone = "UIInterfaceOrientationPortrait UIInterfaceOrientationLandscapeLeft UIInterfaceOrientationLandscapeRight";
				IPHONEOS_DEPLOYMENT_TARGET = 16.0;
				LD_RUNPATH_SEARCH_PATHS = (
					"$(inherited)",
					"@executable_path/Frameworks",
				);
				MARKETING_VERSION = 4.0.3;
				PRODUCT_BUNDLE_IDENTIFIER = live.ditto.Chat;
				PRODUCT_NAME = "$(TARGET_NAME)";
				SWIFT_EMIT_LOC_STRINGS = YES;
				SWIFT_VERSION = 5.0;
				TARGETED_DEVICE_FAMILY = "1,2";
			};
			name = Release;
		};
		14CADB52293FEBD600BED068 /* Debug */ = {
			isa = XCBuildConfiguration;
			buildSettings = {
				ALWAYS_EMBED_SWIFT_STANDARD_LIBRARIES = YES;
				BUNDLE_LOADER = "$(TEST_HOST)";
				CODE_SIGN_STYLE = Automatic;
				CURRENT_PROJECT_VERSION = 1;
				DEVELOPMENT_TEAM = 3T2VMFZPPQ;
				GENERATE_INFOPLIST_FILE = YES;
				IPHONEOS_DEPLOYMENT_TARGET = 16.1;
				MARKETING_VERSION = 1.0;
				PRODUCT_BUNDLE_IDENTIFIER = live.ditto.DittoChatTests;
				PRODUCT_NAME = "$(TARGET_NAME)";
				SWIFT_EMIT_LOC_STRINGS = NO;
				SWIFT_VERSION = 5.0;
				TARGETED_DEVICE_FAMILY = "1,2";
				TEST_HOST = "$(BUILT_PRODUCTS_DIR)/DittoChat.app/$(BUNDLE_EXECUTABLE_FOLDER_PATH)/DittoChat";
			};
			name = Debug;
		};
		14CADB53293FEBD600BED068 /* Release */ = {
			isa = XCBuildConfiguration;
			buildSettings = {
				ALWAYS_EMBED_SWIFT_STANDARD_LIBRARIES = YES;
				BUNDLE_LOADER = "$(TEST_HOST)";
				CODE_SIGN_STYLE = Automatic;
				CURRENT_PROJECT_VERSION = 1;
				DEVELOPMENT_TEAM = 3T2VMFZPPQ;
				GENERATE_INFOPLIST_FILE = YES;
				IPHONEOS_DEPLOYMENT_TARGET = 16.1;
				MARKETING_VERSION = 1.0;
				PRODUCT_BUNDLE_IDENTIFIER = live.ditto.DittoChatTests;
				PRODUCT_NAME = "$(TARGET_NAME)";
				SWIFT_EMIT_LOC_STRINGS = NO;
				SWIFT_VERSION = 5.0;
				TARGETED_DEVICE_FAMILY = "1,2";
				TEST_HOST = "$(BUILT_PRODUCTS_DIR)/DittoChat.app/$(BUNDLE_EXECUTABLE_FOLDER_PATH)/DittoChat";
			};
			name = Release;
		};
		14CADB55293FEBD600BED068 /* Debug */ = {
			isa = XCBuildConfiguration;
			buildSettings = {
				ALWAYS_EMBED_SWIFT_STANDARD_LIBRARIES = YES;
				CODE_SIGN_STYLE = Automatic;
				CURRENT_PROJECT_VERSION = 1;
				DEVELOPMENT_TEAM = 3T2VMFZPPQ;
				GENERATE_INFOPLIST_FILE = YES;
				MARKETING_VERSION = 1.0;
				PRODUCT_BUNDLE_IDENTIFIER = live.ditto.DittoChatUITests;
				PRODUCT_NAME = "$(TARGET_NAME)";
				SWIFT_EMIT_LOC_STRINGS = NO;
				SWIFT_VERSION = 5.0;
				TARGETED_DEVICE_FAMILY = "1,2";
				TEST_TARGET_NAME = DittoChat;
			};
			name = Debug;
		};
		14CADB56293FEBD600BED068 /* Release */ = {
			isa = XCBuildConfiguration;
			buildSettings = {
				ALWAYS_EMBED_SWIFT_STANDARD_LIBRARIES = YES;
				CODE_SIGN_STYLE = Automatic;
				CURRENT_PROJECT_VERSION = 1;
				DEVELOPMENT_TEAM = 3T2VMFZPPQ;
				GENERATE_INFOPLIST_FILE = YES;
				MARKETING_VERSION = 1.0;
				PRODUCT_BUNDLE_IDENTIFIER = live.ditto.DittoChatUITests;
				PRODUCT_NAME = "$(TARGET_NAME)";
				SWIFT_EMIT_LOC_STRINGS = NO;
				SWIFT_VERSION = 5.0;
				TARGETED_DEVICE_FAMILY = "1,2";
				TEST_TARGET_NAME = DittoChat;
			};
			name = Release;
		};
/* End XCBuildConfiguration section */

/* Begin XCConfigurationList section */
		14CADB25293FEBD500BED068 /* Build configuration list for PBXProject "DittoChat" */ = {
			isa = XCConfigurationList;
			buildConfigurations = (
				14CADB4C293FEBD600BED068 /* Debug */,
				14CADB4D293FEBD600BED068 /* Release */,
			);
			defaultConfigurationIsVisible = 0;
			defaultConfigurationName = Release;
		};
		14CADB4E293FEBD600BED068 /* Build configuration list for PBXNativeTarget "DittoChat" */ = {
			isa = XCConfigurationList;
			buildConfigurations = (
				14CADB4F293FEBD600BED068 /* Debug */,
				14CADB50293FEBD600BED068 /* Release */,
			);
			defaultConfigurationIsVisible = 0;
			defaultConfigurationName = Release;
		};
		14CADB51293FEBD600BED068 /* Build configuration list for PBXNativeTarget "DittoChatTests" */ = {
			isa = XCConfigurationList;
			buildConfigurations = (
				14CADB52293FEBD600BED068 /* Debug */,
				14CADB53293FEBD600BED068 /* Release */,
			);
			defaultConfigurationIsVisible = 0;
			defaultConfigurationName = Release;
		};
		14CADB54293FEBD600BED068 /* Build configuration list for PBXNativeTarget "DittoChatUITests" */ = {
			isa = XCConfigurationList;
			buildConfigurations = (
				14CADB55293FEBD600BED068 /* Debug */,
				14CADB56293FEBD600BED068 /* Release */,
			);
			defaultConfigurationIsVisible = 0;
			defaultConfigurationName = Release;
		};
/* End XCConfigurationList section */

/* Begin XCRemoteSwiftPackageReference section */
		14A2B73F2989825000E0FF86 /* XCRemoteSwiftPackageReference "DittoSwiftTools" */ = {
			isa = XCRemoteSwiftPackageReference;
			repositoryURL = "https://github.com/getditto/DittoSwiftTools.git";
			requirement = {
				kind = upToNextMajorVersion;
				minimumVersion = 4.4.0;
			};
		};
		14BF945B29786731001F672D /* XCRemoteSwiftPackageReference "CodeScanner" */ = {
			isa = XCRemoteSwiftPackageReference;
			repositoryURL = "https://github.com/twostraws/CodeScanner.git";
			requirement = {
				kind = upToNextMajorVersion;
				minimumVersion = 2.0.0;
			};
		};
		14CADB59293FEFD700BED068 /* XCRemoteSwiftPackageReference "DittoSwiftPackage" */ = {
			isa = XCRemoteSwiftPackageReference;
			repositoryURL = "https://github.com/getditto/DittoSwiftPackage";
			requirement = {
				kind = upToNextMajorVersion;
				minimumVersion = 4.5.0;
			};
		};
		14CADB5E293FF00700BED068 /* XCRemoteSwiftPackageReference "Fakery" */ = {
			isa = XCRemoteSwiftPackageReference;
			repositoryURL = "https://github.com/vadymmarkov/Fakery";
			requirement = {
				kind = upToNextMajorVersion;
				minimumVersion = 5.0.0;
			};
		};
/* End XCRemoteSwiftPackageReference section */

/* Begin XCSwiftPackageProductDependency section */
		143FFCC32B20F4840085A2EF /* DittoExportData */ = {
			isa = XCSwiftPackageProductDependency;
			package = 14A2B73F2989825000E0FF86 /* XCRemoteSwiftPackageReference "DittoSwiftTools" */;
			productName = DittoExportData;
		};
		143FFCC52B20F4840085A2EF /* DittoPeersList */ = {
			isa = XCSwiftPackageProductDependency;
			package = 14A2B73F2989825000E0FF86 /* XCRemoteSwiftPackageReference "DittoSwiftTools" */;
			productName = DittoPeersList;
		};
		14A2B743298987D300E0FF86 /* DittoDataBrowser */ = {
			isa = XCSwiftPackageProductDependency;
			package = 14A2B73F2989825000E0FF86 /* XCRemoteSwiftPackageReference "DittoSwiftTools" */;
			productName = DittoDataBrowser;
		};
		14A2B745298987D300E0FF86 /* DittoDiskUsage */ = {
			isa = XCSwiftPackageProductDependency;
			package = 14A2B73F2989825000E0FF86 /* XCRemoteSwiftPackageReference "DittoSwiftTools" */;
			productName = DittoDiskUsage;
		};
		14A2B747298987D300E0FF86 /* DittoExportLogs */ = {
			isa = XCSwiftPackageProductDependency;
			package = 14A2B73F2989825000E0FF86 /* XCRemoteSwiftPackageReference "DittoSwiftTools" */;
			productName = DittoExportLogs;
		};
		14A2B749298987D400E0FF86 /* DittoPresenceViewer */ = {
			isa = XCSwiftPackageProductDependency;
			package = 14A2B73F2989825000E0FF86 /* XCRemoteSwiftPackageReference "DittoSwiftTools" */;
			productName = DittoPresenceViewer;
		};
		14BF945C29786731001F672D /* CodeScanner */ = {
			isa = XCSwiftPackageProductDependency;
			package = 14BF945B29786731001F672D /* XCRemoteSwiftPackageReference "CodeScanner" */;
			productName = CodeScanner;
		};
		14CADB5A293FEFD700BED068 /* DittoObjC */ = {
			isa = XCSwiftPackageProductDependency;
			package = 14CADB59293FEFD700BED068 /* XCRemoteSwiftPackageReference "DittoSwiftPackage" */;
			productName = DittoObjC;
		};
		14CADB5C293FEFD700BED068 /* DittoSwift */ = {
			isa = XCSwiftPackageProductDependency;
			package = 14CADB59293FEFD700BED068 /* XCRemoteSwiftPackageReference "DittoSwiftPackage" */;
			productName = DittoSwift;
		};
		14CADB5F293FF00700BED068 /* Fakery */ = {
			isa = XCSwiftPackageProductDependency;
			package = 14CADB5E293FF00700BED068 /* XCRemoteSwiftPackageReference "Fakery" */;
			productName = Fakery;
		};
/* End XCSwiftPackageProductDependency section */
	};
	rootObject = 14CADB22293FEBD500BED068 /* Project object */;
}
